
Microsoft Visual Studio Solution File, Format Version 12.00
# Visual Studio Version 16
VisualStudioVersion = 16.0.31129.286
MinimumVisualStudioVersion = 10.0.40219.1
Project("{9A19103F-16F7-4668-BE54-9A1E7A4F7556}") = "OnlineBookShopping", "OnlineBookShopping.csproj", "{EC8438E8-5383-453B-B01F-2619E2E28477}"
EndProject
Project("{9A19103F-16F7-4668-BE54-9A1E7A4F7556}") = "OnlineBookShoppingAPI", "..\OnlineBookShoppingAPI\OnlineBookShoppingAPI.csproj", "{4B594CAB-CAD4-4231-85E4-DA0BF8FF494A}"
EndProject
Project("{9A19103F-16F7-4668-BE54-9A1E7A4F7556}") = "APIOnlineBookShoppingUI", "..\APIOnlineBookShoppingUI\APIOnlineBookShoppingUI.csproj", "{788F4EB3-0A37-46F8-A979-56047F8016F1}"
EndProject
Global
	GlobalSection(SolutionConfigurationPlatforms) = preSolution
		Debug|Any CPU = Debug|Any CPU
		Release|Any CPU = Release|Any CPU
	EndGlobalSection
	GlobalSection(ProjectConfigurationPlatforms) = postSolution
		{EC8438E8-5383-453B-B01F-2619E2E28477}.Debug|Any CPU.ActiveCfg = Debug|Any CPU
		{EC8438E8-5383-453B-B01F-2619E2E28477}.Debug|Any CPU.Build.0 = Debug|Any CPU
		{EC8438E8-5383-453B-B01F-2619E2E28477}.Release|Any CPU.ActiveCfg = Release|Any CPU
		{EC8438E8-5383-453B-B01F-2619E2E28477}.Release|Any CPU.Build.0 = Release|Any CPU
		{4B594CAB-CAD4-4231-85E4-DA0BF8FF494A}.Debug|Any CPU.ActiveCfg = Debug|Any CPU
		{4B594CAB-CAD4-4231-85E4-DA0BF8FF494A}.Debug|Any CPU.Build.0 = Debug|Any CPU
		{4B594CAB-CAD4-4231-85E4-DA0BF8FF494A}.Release|Any CPU.ActiveCfg = Release|Any CPU
		{4B594CAB-CAD4-4231-85E4-DA0BF8FF494A}.Release|Any CPU.Build.0 = Release|Any CPU
		{788F4EB3-0A37-46F8-A979-56047F8016F1}.Debug|Any CPU.ActiveCfg = Debug|Any CPU
		{788F4EB3-0A37-46F8-A979-56047F8016F1}.Debug|Any CPU.Build.0 = Debug|Any CPU
		{788F4EB3-0A37-46F8-A979-56047F8016F1}.Release|Any CPU.ActiveCfg = Release|Any CPU
		{788F4EB3-0A37-46F8-A979-56047F8016F1}.Release|Any CPU.Build.0 = Release|Any CPU
	EndGlobalSection
	GlobalSection(SolutionProperties) = preSolution
		HideSolutionNode = FALSE
	EndGlobalSection
	GlobalSection(ExtensibilityGlobals) = postSolution
		SolutionGuid = {4009CBA4-ADB3-4306-86B8-CE1DBFD4895E}
	EndGlobalSection
EndGlobal
